
Microsoft Visual Studio Solution File, Format Version 12.00
# Visual Studio Version 16
VisualStudioVersion = 16.0.30907.101
MinimumVisualStudioVersion = 10.0.40219.1
Project("{FAE04EC0-301F-11D3-BF4B-00C04F79EFBC}") = "Digital Clock", "Digital Clock\Digital Clock.csproj", "{1BBA788D-DB81-43D5-A598-9050C07CC50E}"
EndProject
Global
	GlobalSection(SolutionConfigurationPlatforms) = preSolution
		Debug|Any CPU = Debug|Any CPU
		Release|Any CPU = Release|Any CPU
	EndGlobalSection
	GlobalSection(ProjectConfigurationPlatforms) = postSolution
		{1BBA788D-DB81-43D5-A598-9050C07CC50E}.Debug|Any CPU.ActiveCfg = Debug|Any CPU
		{1BBA788D-DB81-43D5-A598-9050C07CC50E}.Debug|Any CPU.Build.0 = Debug|Any CPU
		{1BBA788D-DB81-43D5-A598-9050C07CC50E}.Release|Any CPU.ActiveCfg = Release|Any CPU
		{1BBA788D-DB81-43D5-A598-9050C07CC50E}.Release|Any CPU.Build.0 = Release|Any CPU
	EndGlobalSection
	GlobalSection(SolutionProperties) = preSolution
		HideSolutionNode = FALSE
	EndGlobalSection
	GlobalSection(ExtensibilityGlobals) = postSolution
		SolutionGuid = {3A9BF7A7-C4A8-4CD5-A1EE-09E47930B1EB}
	EndGlobalSection
EndGlobal
