
Microsoft Visual Studio Solution File, Format Version 12.00
# Visual Studio Version 16
VisualStudioVersion = 16.0.30804.86
MinimumVisualStudioVersion = 10.0.40219.1
Project("{FAE04EC0-301F-11D3-BF4B-00C04F79EFBC}") = "find_location", "find_location\find_location.csproj", "{30989A10-90AF-49E5-B2D2-4043165E03DD}"
EndProject
Global
	GlobalSection(SolutionConfigurationPlatforms) = preSolution
		Debug|Any CPU = Debug|Any CPU
		Release|Any CPU = Release|Any CPU
	EndGlobalSection
	GlobalSection(ProjectConfigurationPlatforms) = postSolution
		{30989A10-90AF-49E5-B2D2-4043165E03DD}.Debug|Any CPU.ActiveCfg = Debug|Any CPU
		{30989A10-90AF-49E5-B2D2-4043165E03DD}.Debug|Any CPU.Build.0 = Debug|Any CPU
		{30989A10-90AF-49E5-B2D2-4043165E03DD}.Release|Any CPU.ActiveCfg = Release|Any CPU
		{30989A10-90AF-49E5-B2D2-4043165E03DD}.Release|Any CPU.Build.0 = Release|Any CPU
	EndGlobalSection
	GlobalSection(SolutionProperties) = preSolution
		HideSolutionNode = FALSE
	EndGlobalSection
	GlobalSection(ExtensibilityGlobals) = postSolution
		SolutionGuid = {F6C628ED-0954-45C5-BECE-6EAAF8871B1D}
	EndGlobalSection
EndGlobal
