
Microsoft Visual Studio Solution File, Format Version 12.00
# Visual Studio Version 16
VisualStudioVersion = 16.0.30804.86
MinimumVisualStudioVersion = 10.0.40219.1
Project("{FAE04EC0-301F-11D3-BF4B-00C04F79EFBC}") = "test2", "test2\test2.csproj", "{AAD668BB-7980-4491-86C5-271B5A6734AF}"
EndProject
Global
	GlobalSection(SolutionConfigurationPlatforms) = preSolution
		Debug|Any CPU = Debug|Any CPU
		Release|Any CPU = Release|Any CPU
	EndGlobalSection
	GlobalSection(ProjectConfigurationPlatforms) = postSolution
		{AAD668BB-7980-4491-86C5-271B5A6734AF}.Debug|Any CPU.ActiveCfg = Debug|Any CPU
		{AAD668BB-7980-4491-86C5-271B5A6734AF}.Debug|Any CPU.Build.0 = Debug|Any CPU
		{AAD668BB-7980-4491-86C5-271B5A6734AF}.Release|Any CPU.ActiveCfg = Release|Any CPU
		{AAD668BB-7980-4491-86C5-271B5A6734AF}.Release|Any CPU.Build.0 = Release|Any CPU
	EndGlobalSection
	GlobalSection(SolutionProperties) = preSolution
		HideSolutionNode = FALSE
	EndGlobalSection
	GlobalSection(ExtensibilityGlobals) = postSolution
		SolutionGuid = {589807CE-2E02-49C5-9CC2-5B55A7BD3F20}
	EndGlobalSection
EndGlobal
